// !$*UTF8*$!
{
	archiveVersion = 1;
	classes = {
	};
	objectVersion = 48;
	objects = {

/* Begin PBXBuildFile section */
		306F1DCE20AC8C820048B16C /* music.mp3 in Resources */ = {isa = PBXBuildFile; fileRef = 306F1DCD20AC8C820048B16C /* music.mp3 */; };
		30A6576220AF34A8009AE636 /* Potter.mp3 in Resources */ = {isa = PBXBuildFile; fileRef = 30A6576120AF34A8009AE636 /* Potter.mp3 */; };
		30AB079620B479A70063321C /* music copy.mp3 in Resources */ = {isa = PBXBuildFile; fileRef = 30AB079520B479A60063321C /* music copy.mp3 */; };
		30BAA7B920B71E7C003D0C39 /* Avengers.mp3 in Resources */ = {isa = PBXBuildFile; fileRef = 30BAA7B820B71E7C003D0C39 /* Avengers.mp3 */; };
		30BAA7BB20B720E4003D0C39 /* US.mp3 in Resources */ = {isa = PBXBuildFile; fileRef = 30BAA7BA20B720E4003D0C39 /* US.mp3 */; };
		6F922CE7208A4F36008E28F9 /* GameViewController.swift in Sources */ = {isa = PBXBuildFile; fileRef = 6F922CE6208A4F36008E28F9 /* GameViewController.swift */; };
		6FEA5CB120B476CC005D9BCA /* AvengersViewController.swift in Sources */ = {isa = PBXBuildFile; fileRef = 6FEA5CB020B476CC005D9BCA /* AvengersViewController.swift */; };
		AB02FE0520B5CDD70056A218 /* blankViewController.swift in Sources */ = {isa = PBXBuildFile; fileRef = AB02FE0420B5CDD70056A218 /* blankViewController.swift */; };
		AB84038020B5CD1400426401 /* songsViewController.swift in Sources */ = {isa = PBXBuildFile; fileRef = AB84037F20B5CD1400426401 /* songsViewController.swift */; };
		ABA66BB620B5CA500079DF15 /* statesViewController.swift in Sources */ = {isa = PBXBuildFile; fileRef = ABA66BB520B5CA500079DF15 /* statesViewController.swift */; };
		ABAB380D20B32916004AF50D /* HarryPotterVC.swift in Sources */ = {isa = PBXBuildFile; fileRef = ABAB380C20B32916004AF50D /* HarryPotterVC.swift */; };
		ABD7ABB120AB3B120064A3F6 /* game.swift in Sources */ = {isa = PBXBuildFile; fileRef = ABD7ABB020AB3B120064A3F6 /* game.swift */; };
		E3625EBE2088F67400785A88 /* AppDelegate.swift in Sources */ = {isa = PBXBuildFile; fileRef = E3625EBD2088F67400785A88 /* AppDelegate.swift */; };
		E3625EC02088F67400785A88 /* ViewController.swift in Sources */ = {isa = PBXBuildFile; fileRef = E3625EBF2088F67400785A88 /* ViewController.swift */; };
		E3625EC32088F67400785A88 /* Main.storyboard in Resources */ = {isa = PBXBuildFile; fileRef = E3625EC12088F67400785A88 /* Main.storyboard */; };
		E3625EC52088F67400785A88 /* Assets.xcassets in Resources */ = {isa = PBXBuildFile; fileRef = E3625EC42088F67400785A88 /* Assets.xcassets */; };
		E3625EC82088F67400785A88 /* LaunchScreen.storyboard in Resources */ = {isa = PBXBuildFile; fileRef = E3625EC62088F67400785A88 /* LaunchScreen.storyboard */; };
		E398C002209A1BA1000797D5 /* CelebritiesViewController.swift in Sources */ = {isa = PBXBuildFile; fileRef = E398C001209A1BA1000797D5 /* CelebritiesViewController.swift */; };
/* End PBXBuildFile section */

/* Begin PBXFileReference section */
		306F1DCD20AC8C820048B16C /* music.mp3 */ = {isa = PBXFileReference; lastKnownFileType = audio.mp3; path = music.mp3; sourceTree = "<group>"; };
		30A6576120AF34A8009AE636 /* Potter.mp3 */ = {isa = PBXFileReference; lastKnownFileType = audio.mp3; path = Potter.mp3; sourceTree = "<group>"; };
		30AB079520B479A60063321C /* music copy.mp3 */ = {isa = PBXFileReference; lastKnownFileType = audio.mp3; path = "music copy.mp3"; sourceTree = "<group>"; };
		30BAA7B820B71E7C003D0C39 /* Avengers.mp3 */ = {isa = PBXFileReference; lastKnownFileType = audio.mp3; path = Avengers.mp3; sourceTree = "<group>"; };
		30BAA7BA20B720E4003D0C39 /* US.mp3 */ = {isa = PBXFileReference; lastKnownFileType = audio.mp3; path = US.mp3; sourceTree = "<group>"; };
		6F922CE6208A4F36008E28F9 /* GameViewController.swift */ = {isa = PBXFileReference; lastKnownFileType = sourcecode.swift; path = GameViewController.swift; sourceTree = "<group>"; };
		6FEA5CB020B476CC005D9BCA /* AvengersViewController.swift */ = {isa = PBXFileReference; lastKnownFileType = sourcecode.swift; path = AvengersViewController.swift; sourceTree = "<group>"; };
		AB02FE0420B5CDD70056A218 /* blankViewController.swift */ = {isa = PBXFileReference; lastKnownFileType = sourcecode.swift; path = blankViewController.swift; sourceTree = "<group>"; };
		AB84037F20B5CD1400426401 /* songsViewController.swift */ = {isa = PBXFileReference; lastKnownFileType = sourcecode.swift; path = songsViewController.swift; sourceTree = "<group>"; };
		ABA66BB520B5CA500079DF15 /* statesViewController.swift */ = {isa = PBXFileReference; lastKnownFileType = sourcecode.swift; path = statesViewController.swift; sourceTree = "<group>"; };
		ABAB380C20B32916004AF50D /* HarryPotterVC.swift */ = {isa = PBXFileReference; lastKnownFileType = sourcecode.swift; path = HarryPotterVC.swift; sourceTree = "<group>"; };
		ABD7ABB020AB3B120064A3F6 /* game.swift */ = {isa = PBXFileReference; lastKnownFileType = sourcecode.swift; path = game.swift; sourceTree = "<group>"; };
		E3625EBA2088F67400785A88 /* Charades2.0.app */ = {isa = PBXFileReference; explicitFileType = wrapper.application; includeInIndex = 0; path = Charades2.0.app; sourceTree = BUILT_PRODUCTS_DIR; };
		E3625EBD2088F67400785A88 /* AppDelegate.swift */ = {isa = PBXFileReference; lastKnownFileType = sourcecode.swift; path = AppDelegate.swift; sourceTree = "<group>"; };
		E3625EBF2088F67400785A88 /* ViewController.swift */ = {isa = PBXFileReference; lastKnownFileType = sourcecode.swift; path = ViewController.swift; sourceTree = "<group>"; };
		E3625EC22088F67400785A88 /* Base */ = {isa = PBXFileReference; lastKnownFileType = file.storyboard; name = Base; path = Base.lproj/Main.storyboard; sourceTree = "<group>"; };
		E3625EC42088F67400785A88 /* Assets.xcassets */ = {isa = PBXFileReference; lastKnownFileType = folder.assetcatalog; path = Assets.xcassets; sourceTree = "<group>"; };
		E3625EC72088F67400785A88 /* Base */ = {isa = PBXFileReference; lastKnownFileType = file.storyboard; name = Base; path = Base.lproj/LaunchScreen.storyboard; sourceTree = "<group>"; };
		E3625EC92088F67400785A88 /* Info.plist */ = {isa = PBXFileReference; lastKnownFileType = text.plist.xml; path = Info.plist; sourceTree = "<group>"; };
		E398C001209A1BA1000797D5 /* CelebritiesViewController.swift */ = {isa = PBXFileReference; lastKnownFileType = sourcecode.swift; path = CelebritiesViewController.swift; sourceTree = "<group>"; };
/* End PBXFileReference section */

/* Begin PBXFrameworksBuildPhase section */
		E3625EB72088F67400785A88 /* Frameworks */ = {
			isa = PBXFrameworksBuildPhase;
			buildActionMask = 2147483647;
			files = (
			);
			runOnlyForDeploymentPostprocessing = 0;
		};
/* End PBXFrameworksBuildPhase section */

/* Begin PBXGroup section */
		E3625EB12088F67400785A88 = {
			isa = PBXGroup;
			children = (
				E3625EBC2088F67400785A88 /* Charades2.0 */,
				E3625EBB2088F67400785A88 /* Products */,
			);
			sourceTree = "<group>";
		};
		E3625EBB2088F67400785A88 /* Products */ = {
			isa = PBXGroup;
			children = (
				E3625EBA2088F67400785A88 /* Charades2.0.app */,
			);
			name = Products;
			sourceTree = "<group>";
		};
		E3625EBC2088F67400785A88 /* Charades2.0 */ = {
			isa = PBXGroup;
			children = (
				E3625EBD2088F67400785A88 /* AppDelegate.swift */,
				E3625EBF2088F67400785A88 /* ViewController.swift */,
				ABA66BB520B5CA500079DF15 /* statesViewController.swift */,
				ABAB380C20B32916004AF50D /* HarryPotterVC.swift */,
				6FEA5CB020B476CC005D9BCA /* AvengersViewController.swift */,
				AB84037F20B5CD1400426401 /* songsViewController.swift */,
				6F922CE6208A4F36008E28F9 /* GameViewController.swift */,
				ABD7ABB020AB3B120064A3F6 /* game.swift */,
				E398C001209A1BA1000797D5 /* CelebritiesViewController.swift */,
				E3625EC12088F67400785A88 /* Main.storyboard */,
				30AB079520B479A60063321C /* music copy.mp3 */,
				30BAA7B820B71E7C003D0C39 /* Avengers.mp3 */,
				30BAA7BA20B720E4003D0C39 /* US.mp3 */,
				306F1DCD20AC8C820048B16C /* music.mp3 */,
				30A6576120AF34A8009AE636 /* Potter.mp3 */,
				E3625EC42088F67400785A88 /* Assets.xcassets */,
				E3625EC62088F67400785A88 /* LaunchScreen.storyboard */,
				E3625EC92088F67400785A88 /* Info.plist */,
				AB02FE0420B5CDD70056A218 /* blankViewController.swift */,
			);
			path = Charades2.0;
			sourceTree = "<group>";
		};
/* End PBXGroup section */

/* Begin PBXNativeTarget section */
		E3625EB92088F67400785A88 /* Charades2.0 */ = {
			isa = PBXNativeTarget;
			buildConfigurationList = E3625ECC2088F67400785A88 /* Build configuration list for PBXNativeTarget "Charades2.0" */;
			buildPhases = (
				E3625EB62088F67400785A88 /* Sources */,
				E3625EB72088F67400785A88 /* Frameworks */,
				E3625EB82088F67400785A88 /* Resources */,
			);
			buildRules = (
			);
			dependencies = (
			);
			name = Charades2.0;
			productName = Charades2.0;
			productReference = E3625EBA2088F67400785A88 /* Charades2.0.app */;
			productType = "com.apple.product-type.application";
		};
/* End PBXNativeTarget section */

/* Begin PBXProject section */
		E3625EB22088F67400785A88 /* Project object */ = {
			isa = PBXProject;
			attributes = {
				LastSwiftUpdateCheck = 0920;
				LastUpgradeCheck = 0920;
				ORGANIZATIONNAME = "John Hersey High School";
				TargetAttributes = {
					E3625EB92088F67400785A88 = {
						CreatedOnToolsVersion = 9.2;
						ProvisioningStyle = Automatic;
					};
				};
			};
			buildConfigurationList = E3625EB52088F67400785A88 /* Build configuration list for PBXProject "Charades2.0" */;
			compatibilityVersion = "Xcode 8.0";
			developmentRegion = en;
			hasScannedForEncodings = 0;
			knownRegions = (
				en,
				Base,
			);
			mainGroup = E3625EB12088F67400785A88;
			productRefGroup = E3625EBB2088F67400785A88 /* Products */;
			projectDirPath = "";
			projectRoot = "";
			targets = (
				E3625EB92088F67400785A88 /* Charades2.0 */,
			);
		};
/* End PBXProject section */

/* Begin PBXResourcesBuildPhase section */
		E3625EB82088F67400785A88 /* Resources */ = {
			isa = PBXResourcesBuildPhase;
			buildActionMask = 2147483647;
			files = (
				306F1DCE20AC8C820048B16C /* music.mp3 in Resources */,
				E3625EC82088F67400785A88 /* LaunchScreen.storyboard in Resources */,
				30AB079620B479A70063321C /* music copy.mp3 in Resources */,
				E3625EC52088F67400785A88 /* Assets.xcassets in Resources */,
				30BAA7BB20B720E4003D0C39 /* US.mp3 in Resources */,
				30BAA7B920B71E7C003D0C39 /* Avengers.mp3 in Resources */,
				E3625EC32088F67400785A88 /* Main.storyboard in Resources */,
				30A6576220AF34A8009AE636 /* Potter.mp3 in Resources */,
			);
			runOnlyForDeploymentPostprocessing = 0;
		};
/* End PBXResourcesBuildPhase section */

/* Begin PBXSourcesBuildPhase section */
		E3625EB62088F67400785A88 /* Sources */ = {
			isa = PBXSourcesBuildPhase;
			buildActionMask = 2147483647;
			files = (
				AB84038020B5CD1400426401 /* songsViewController.swift in Sources */,
				ABA66BB620B5CA500079DF15 /* statesViewController.swift in Sources */,
				6FEA5CB120B476CC005D9BCA /* AvengersViewController.swift in Sources */,
				E3625EC02088F67400785A88 /* ViewController.swift in Sources */,
				6F922CE7208A4F36008E28F9 /* GameViewController.swift in Sources */,
				AB02FE0520B5CDD70056A218 /* blankViewController.swift in Sources */,
				ABD7ABB120AB3B120064A3F6 /* game.swift in Sources */,
				ABAB380D20B32916004AF50D /* HarryPotterVC.swift in Sources */,
				E3625EBE2088F67400785A88 /* AppDelegate.swift in Sources */,
				E398C002209A1BA1000797D5 /* CelebritiesViewController.swift in Sources */,
			);
			runOnlyForDeploymentPostprocessing = 0;
		};
/* End PBXSourcesBuildPhase section */

/* Begin PBXVariantGroup section */
		E3625EC12088F67400785A88 /* Main.storyboard */ = {
			isa = PBXVariantGroup;
			children = (
				E3625EC22088F67400785A88 /* Base */,
			);
			name = Main.storyboard;
			sourceTree = "<group>";
		};
		E3625EC62088F67400785A88 /* LaunchScreen.storyboard */ = {
			isa = PBXVariantGroup;
			children = (
				E3625EC72088F67400785A88 /* Base */,
			);
			name = LaunchScreen.storyboard;
			sourceTree = "<group>";
		};
/* End PBXVariantGroup section */

/* Begin XCBuildConfiguration section */
		E3625ECA2088F67400785A88 /* Debug */ = {
			isa = XCBuildConfiguration;
			buildSettings = {
				ALWAYS_SEARCH_USER_PATHS = NO;
				CLANG_ANALYZER_NONNULL = YES;
				CLANG_ANALYZER_NUMBER_OBJECT_CONVERSION = YES_AGGRESSIVE;
				CLANG_CXX_LANGUAGE_STANDARD = "gnu++14";
				CLANG_CXX_LIBRARY = "libc++";
				CLANG_ENABLE_MODULES = YES;
				CLANG_ENABLE_OBJC_ARC = YES;
				CLANG_WARN_BLOCK_CAPTURE_AUTORELEASING = YES;
				CLANG_WARN_BOOL_CONVERSION = YES;
				CLANG_WARN_COMMA = YES;
				CLANG_WARN_CONSTANT_CONVERSION = YES;
				CLANG_WARN_DIRECT_OBJC_ISA_USAGE = YES_ERROR;
				CLANG_WARN_DOCUMENTATION_COMMENTS = YES;
				CLANG_WARN_EMPTY_BODY = YES;
				CLANG_WARN_ENUM_CONVERSION = YES;
				CLANG_WARN_INFINITE_RECURSION = YES;
				CLANG_WARN_INT_CONVERSION = YES;
				CLANG_WARN_NON_LITERAL_NULL_CONVERSION = YES;
				CLANG_WARN_OBJC_LITERAL_CONVERSION = YES;
				CLANG_WARN_OBJC_ROOT_CLASS = YES_ERROR;
				CLANG_WARN_RANGE_LOOP_ANALYSIS = YES;
				CLANG_WARN_STRICT_PROTOTYPES = YES;
				CLANG_WARN_SUSPICIOUS_MOVE = YES;
				CLANG_WARN_UNGUARDED_AVAILABILITY = YES_AGGRESSIVE;
				CLANG_WARN_UNREACHABLE_CODE = YES;
				CLANG_WARN__DUPLICATE_METHOD_MATCH = YES;
				CODE_SIGN_IDENTITY = "iPhone Developer";
				COPY_PHASE_STRIP = NO;
				DEBUG_INFORMATION_FORMAT = dwarf;
				ENABLE_STRICT_OBJC_MSGSEND = YES;
				ENABLE_TESTABILITY = YES;
				GCC_C_LANGUAGE_STANDARD = gnu11;
				GCC_DYNAMIC_NO_PIC = NO;
				GCC_NO_COMMON_BLOCKS = YES;
				GCC_OPTIMIZATION_LEVEL = 0;
				GCC_PREPROCESSOR_DEFINITIONS = (
					"DEBUG=1",
					"$(inherited)",
				);
				GCC_WARN_64_TO_32_BIT_CONVERSION = YES;
				GCC_WARN_ABOUT_RETURN_TYPE = YES_ERROR;
				GCC_WARN_UNDECLARED_SELECTOR = YES;
				GCC_WARN_UNINITIALIZED_AUTOS = YES_AGGRESSIVE;
				GCC_WARN_UNUSED_FUNCTION = YES;
				GCC_WARN_UNUSED_VARIABLE = YES;
				IPHONEOS_DEPLOYMENT_TARGET = 11.3;
				MTL_ENABLE_DEBUG_INFO = YES;
				ONLY_ACTIVE_ARCH = YES;
				SDKROOT = iphoneos;
				SWIFT_ACTIVE_COMPILATION_CONDITIONS = DEBUG;
				SWIFT_OPTIMIZATION_LEVEL = "-Onone";
			};
			name = Debug;
		};
		E3625ECB2088F67400785A88 /* Release */ = {
			isa = XCBuildConfiguration;
			buildSettings = {
				ALWAYS_SEARCH_USER_PATHS = NO;
				CLANG_ANALYZER_NONNULL = YES;
				CLANG_ANALYZER_NUMBER_OBJECT_CONVERSION = YES_AGGRESSIVE;
				CLANG_CXX_LANGUAGE_STANDARD = "gnu++14";
				CLANG_CXX_LIBRARY = "libc++";
				CLANG_ENABLE_MODULES = YES;
				CLANG_ENABLE_OBJC_ARC = YES;
				CLANG_WARN_BLOCK_CAPTURE_AUTORELEASING = YES;
				CLANG_WARN_BOOL_CONVERSION = YES;
				CLANG_WARN_COMMA = YES;
				CLANG_WARN_CONSTANT_CONVERSION = YES;
				CLANG_WARN_DIRECT_OBJC_ISA_USAGE = YES_ERROR;
				CLANG_WARN_DOCUMENTATION_COMMENTS = YES;
				CLANG_WARN_EMPTY_BODY = YES;
				CLANG_WARN_ENUM_CONVERSION = YES;
				CLANG_WARN_INFINITE_RECURSION = YES;
				CLANG_WARN_INT_CONVERSION = YES;
				CLANG_WARN_NON_LITERAL_NULL_CONVERSION = YES;
				CLANG_WARN_OBJC_LITERAL_CONVERSION = YES;
				CLANG_WARN_OBJC_ROOT_CLASS = YES_ERROR;
				CLANG_WARN_RANGE_LOOP_ANALYSIS = YES;
				CLANG_WARN_STRICT_PROTOTYPES = YES;
				CLANG_WARN_SUSPICIOUS_MOVE = YES;
				CLANG_WARN_UNGUARDED_AVAILABILITY = YES_AGGRESSIVE;
				CLANG_WARN_UNREACHABLE_CODE = YES;
				CLANG_WARN__DUPLICATE_METHOD_MATCH = YES;
				CODE_SIGN_IDENTITY = "iPhone Developer";
				COPY_PHASE_STRIP = NO;
				DEBUG_INFORMATION_FORMAT = "dwarf-with-dsym";
				ENABLE_NS_ASSERTIONS = NO;
				ENABLE_STRICT_OBJC_MSGSEND = YES;
				GCC_C_LANGUAGE_STANDARD = gnu11;
				GCC_NO_COMMON_BLOCKS = YES;
				GCC_WARN_64_TO_32_BIT_CONVERSION = YES;
				GCC_WARN_ABOUT_RETURN_TYPE = YES_ERROR;
				GCC_WARN_UNDECLARED_SELECTOR = YES;
				GCC_WARN_UNINITIALIZED_AUTOS = YES_AGGRESSIVE;
				GCC_WARN_UNUSED_FUNCTION = YES;
				GCC_WARN_UNUSED_VARIABLE = YES;
				IPHONEOS_DEPLOYMENT_TARGET = 11.3;
				MTL_ENABLE_DEBUG_INFO = NO;
				SDKROOT = iphoneos;
				SWIFT_OPTIMIZATION_LEVEL = "-Owholemodule";
				VALIDATE_PRODUCT = YES;
			};
			name = Release;
		};
		E3625ECD2088F67400785A88 /* Debug */ = {
			isa = XCBuildConfiguration;
			buildSettings = {
				ASSETCATALOG_COMPILER_APPICON_NAME = AppIcon;
				CODE_SIGN_STYLE = Automatic;
				DEVELOPMENT_TEAM = ZD2W23B9DF;
				INFOPLIST_FILE = Charades2.0/Info.plist;
				LD_RUNPATH_SEARCH_PATHS = "$(inherited) @executable_path/Frameworks";
				PRODUCT_BUNDLE_IDENTIFIER = "org.jhhs.620090.Charades2-0";
				PRODUCT_NAME = "$(TARGET_NAME)";
				SWIFT_VERSION = 4.0;
				TARGETED_DEVICE_FAMILY = "1,2";
			};
			name = Debug;
		};
		E3625ECE2088F67400785A88 /* Release */ = {
			isa = XCBuildConfiguration;
			buildSettings = {
				ASSETCATALOG_COMPILER_APPICON_NAME = AppIcon;
				CODE_SIGN_STYLE = Automatic;
				DEVELOPMENT_TEAM = ZD2W23B9DF;
				INFOPLIST_FILE = Charades2.0/Info.plist;
				LD_RUNPATH_SEARCH_PATHS = "$(inherited) @executable_path/Frameworks";
				PRODUCT_BUNDLE_IDENTIFIER = "org.jhhs.620090.Charades2-0";
				PRODUCT_NAME = "$(TARGET_NAME)";
				SWIFT_VERSION = 4.0;
				TARGETED_DEVICE_FAMILY = "1,2";
			};
			name = Release;
		};
/* End XCBuildConfiguration section */

/* Begin XCConfigurationList section */
		E3625EB52088F67400785A88 /* Build configuration list for PBXProject "Charades2.0" */ = {
			isa = XCConfigurationList;
			buildConfigurations = (
				E3625ECA2088F67400785A88 /* Debug */,
				E3625ECB2088F67400785A88 /* Release */,
			);
			defaultConfigurationIsVisible = 0;
			defaultConfigurationName = Release;
		};
		E3625ECC2088F67400785A88 /* Build configuration list for PBXNativeTarget "Charades2.0" */ = {
			isa = XCConfigurationList;
			buildConfigurations = (
				E3625ECD2088F67400785A88 /* Debug */,
				E3625ECE2088F67400785A88 /* Release */,
			);
			defaultConfigurationIsVisible = 0;
			defaultConfigurationName = Release;
		};
/* End XCConfigurationList section */
	};
	rootObject = E3625EB22088F67400785A88 /* Project object */;
}
